{
  "name": "collab-textarea",
  "version": "1.0.0",
  "lockfileVersion": 2,
  "requires": true,
  "packages": {
    "": {
      "name": "collab-textarea",
      "version": "1.0.0",
      "license": "MIT",
      "devDependencies": {
        "esbuild": "0.17.0",
        "y-textarea": "^0.2.5",
        "y-textarea-names": "0.2.7",
        "y-webrtc": "^10.2.4",
        "yjs": "^13.5.44"
      }
    },
    "../../../src/y-textarea": {
      "version": "0.2.4",
      "extraneous": true,
      "license": "MIT",
      "devDependencies": {
        "@rollup/plugin-typescript": "^8.3.1",
        "@types/textarea-caret": "^3.0.1",
        "fast-diff": "^1.2.0",
        "np": "^7.6.0",
        "rectangle-overlap": "^2.0.0",
        "textarea-caret": "^3.1.0",
        "tslib": "^2.3.1",
        "typescript": "^4.5.4",
        "vite": "^2.8.0",
        "y-websocket": "^1.3.18"
      },
      "peerDependencies": {
        "yjs": "^13.5.27"
      }
    },
    "node_modules/@esbuild/android-arm": {
      "version": "0.17.0",
      "resolved": "https://registry.npmjs.org/@esbuild/android-arm/-/android-arm-0.17.0.tgz",
      "integrity": "sha512-hlbX5ym1V5kIKvnwFhm6rhar7MNqfJrZyYTNfk6+WS1uQfQmszFgXeyPH2beP3lSCumZyqX0zMBfOqftOpZ7GA==",
      "cpu": [
        "arm"
      ],
      "dev": true,
      "optional": true,
      "os": [
        "android"
      ],
      "engines": {
        "node": ">=12"
      }
    },
    "node_modules/@esbuild/android-arm64": {
      "version": "0.17.0",
      "resolved": "https://registry.npmjs.org/@esbuild/android-arm64/-/android-arm64-0.17.0.tgz",
      "integrity": "sha512-77GVyD7ToESy/7+9eI8z62GGBdS/hsqsrpM+JA4kascky86wHbN29EEFpkVvxajPL7k6mbLJ5VBQABdj7n9FhQ==",
      "cpu": [
        "arm64"
      ],
      "dev": true,
      "optional": true,
      "os": [
        "android"
      ],
      "engines": {
        "node": ">=12"
      }
    },
    "node_modules/@esbuild/android-x64": {
      "version": "0.17.0",
      "resolved": "https://registry.npmjs.org/@esbuild/android-x64/-/android-x64-0.17.0.tgz",
      "integrity": "sha512-TroxZdZhtAz0JyD0yahtjcbKuIXrBEAoAazaYSeR2e2tUtp9uXrcbpwFJF6oxxOiOOne6y7l4hx4YVnMW/tdFw==",
      "cpu": [
        "x64"
      ],
      "dev": true,
      "optional": true,
      "os": [
        "android"
      ],
      "engines": {
        "node": ">=12"
      }
    },
    "node_modules/@esbuild/darwin-arm64": {
      "version": "0.17.0",
      "resolved": "https://registry.npmjs.org/@esbuild/darwin-arm64/-/darwin-arm64-0.17.0.tgz",
      "integrity": "sha512-wP/v4cgdWt1m8TS/WmbaBc3NZON10eCbm6XepdVc3zJuqruHCzCKcC9dTSTEk50zX04REcRcbIbdhTMciQoFIg==",
      "cpu": [
        "arm64"
      ],
      "dev": true,
      "optional": true,
      "os": [
        "darwin"
      ],
      "engines": {
        "node": ">=12"
      }
    },
    "node_modules/@esbuild/darwin-x64": {
      "version": "0.17.0",
      "resolved": "https://registry.npmjs.org/@esbuild/darwin-x64/-/darwin-x64-0.17.0.tgz",
      "integrity": "sha512-R4WB6D6V9KGO/3LVTT8UlwRJO26IBFatOdo/bRXksfJR0vyOi2/lgmAAMBSpgcnnwvts9QsWiyM++mTTlwRseA==",
      "cpu": [
        "x64"
      ],
      "dev": true,
      "optional": true,
      "os": [
        "darwin"
      ],
      "engines": {
        "node": ">=12"
      }
    },
    "node_modules/@esbuild/freebsd-arm64": {
      "version": "0.17.0",
      "resolved": "https://registry.npmjs.org/@esbuild/freebsd-arm64/-/freebsd-arm64-0.17.0.tgz",
      "integrity": "sha512-FO7+UEZv79gen2df8StFYFHZPI9ADozpFepLZCxY+O8sYLDa1rirvenmLwJiOHmeQRJ5orYedFeLk1PFlZ6t8Q==",
      "cpu": [
        "arm64"
      ],
      "dev": true,
      "optional": true,
      "os": [
        "freebsd"
      ],
      "engines": {
        "node": ">=12"
      }
    },
    "node_modules/@esbuild/freebsd-x64": {
      "version": "0.17.0",
      "resolved": "https://registry.npmjs.org/@esbuild/freebsd-x64/-/freebsd-x64-0.17.0.tgz",
      "integrity": "sha512-qCsNRsVTaC3ekwZcb2sa7l1gwCtJK3EqCWyDgpoQocYf3lRpbAzaCvqZSF2+NOO64cV+JbedXPsFiXU1aaVcIg==",
      "cpu": [
        "x64"
      ],
      "dev": true,
      "optional": true,
      "os": [
        "freebsd"
      ],
      "engines": {
        "node": ">=12"
      }
    },
    "node_modules/@esbuild/linux-arm": {
      "version": "0.17.0",
      "resolved": "https://registry.npmjs.org/@esbuild/linux-arm/-/linux-arm-0.17.0.tgz",
      "integrity": "sha512-Y2G2NU6155gcfNKvrakVmZV5xUAEhXjsN/uKtbKKRnvee0mHUuaT3OdQJDJKjHVGr6B0898pc3slRpI1PqspoQ==",
      "cpu": [
        "arm"
      ],
      "dev": true,
      "optional": true,
      "os": [
        "linux"
      ],
      "engines": {
        "node": ">=12"
      }
    },
    "node_modules/@esbuild/linux-arm64": {
      "version": "0.17.0",
      "resolved": "https://registry.npmjs.org/@esbuild/linux-arm64/-/linux-arm64-0.17.0.tgz",
      "integrity": "sha512-js4Vlch5XJQYISbDVJd2hsI/MsfVUz6d/FrclCE73WkQmniH37vFpuQI42ntWAeBghDIfaPZ6f9GilhwGzVFUg==",
      "cpu": [
        "arm64"
      ],
      "dev": true,
      "optional": true,
      "os": [
        "linux"
      ],
      "engines": {
        "node": ">=12"
      }
    },
    "node_modules/@esbuild/linux-ia32": {
      "version": "0.17.0",
      "resolved": "https://registry.npmjs.org/@esbuild/linux-ia32/-/linux-ia32-0.17.0.tgz",
      "integrity": "sha512-7tl/jSPkF59R3zeFDB2/09zLGhcM7DM+tCoOqjJbQjuL6qbMWomGT2RglCqRFpCSdzBx0hukmPPgUAMlmdj0sQ==",
      "cpu": [
        "ia32"
      ],
      "dev": true,
      "optional": true,
      "os": [
        "linux"
      ],
      "engines": {
        "node": ">=12"
      }
    },
    "node_modules/@esbuild/linux-loong64": {
      "version": "0.17.0",
      "resolved": "https://registry.npmjs.org/@esbuild/linux-loong64/-/linux-loong64-0.17.0.tgz",
      "integrity": "sha512-OG356F7dIVVF+EXJx5UfzFr1I5l6ES53GlMNSr3U1MhlaVyrP9um5PnrSJ+7TSDAzUC7YGjxb2GQWqHLd5XFoA==",
      "cpu": [
        "loong64"
      ],
      "dev": true,
      "optional": true,
      "os": [
        "linux"
      ],
      "engines": {
        "node": ">=12"
      }
    },
    "node_modules/@esbuild/linux-mips64el": {
      "version": "0.17.0",
      "resolved": "https://registry.npmjs.org/@esbuild/linux-mips64el/-/linux-mips64el-0.17.0.tgz",
      "integrity": "sha512-LWQJgGpxrjh2x08UYf6G5R+Km7zhkpCvKXtFQ6SX0fimDvy1C8kslgFHGxLS0wjGV8C4BNnENW/HNy57+RB7iA==",
      "cpu": [
        "mips64el"
      ],
      "dev": true,
      "optional": true,
      "os": [
        "linux"
      ],
      "engines": {
        "node": ">=12"
      }
    },
    "node_modules/@esbuild/linux-ppc64": {
      "version": "0.17.0",
      "resolved": "https://registry.npmjs.org/@esbuild/linux-ppc64/-/linux-ppc64-0.17.0.tgz",
      "integrity": "sha512-f40N8fKiTQslUcUuhof2/syOQ+DC9Mqdnm9d063pew+Ptv9r6dBNLQCz4300MOfCLAbb0SdnrcMSzHbMehXWLw==",
      "cpu": [
        "ppc64"
      ],
      "dev": true,
      "optional": true,
      "os": [
        "linux"
      ],
      "engines": {
        "node": ">=12"
      }
    },
    "node_modules/@esbuild/linux-riscv64": {
      "version": "0.17.0",
      "resolved": "https://registry.npmjs.org/@esbuild/linux-riscv64/-/linux-riscv64-0.17.0.tgz",
      "integrity": "sha512-sc/pvLexRvxgEbmeq7LfLGnzUBFi/E2MGbnQj3CG8tnQ90tWPTi+9CbZEgIADhj6CAlCCmqxpUclIV1CRVUOTw==",
      "cpu": [
        "riscv64"
      ],
      "dev": true,
      "optional": true,
      "os": [
        "linux"
      ],
      "engines": {
        "node": ">=12"
      }
    },
    "node_modules/@esbuild/linux-s390x": {
      "version": "0.17.0",
      "resolved": "https://registry.npmjs.org/@esbuild/linux-s390x/-/linux-s390x-0.17.0.tgz",
      "integrity": "sha512-7xq9/kY0vunCL2vjHKdHGI+660pCdeEC6K6TWBVvbTGXvT8s/qacfxMgr8PCeQRbNUZLOA13G6/G1+c0lYXO1A==",
      "cpu": [
        "s390x"
      ],
      "dev": true,
      "optional": true,
      "os": [
        "linux"
      ],
      "engines": {
        "node": ">=12"
      }
    },
    "node_modules/@esbuild/linux-x64": {
      "version": "0.17.0",
      "resolved": "https://registry.npmjs.org/@esbuild/linux-x64/-/linux-x64-0.17.0.tgz",
      "integrity": "sha512-o7FhBLONk1mLT2ytlj/j/WuJcPdhWcVpysSJn1s9+zRdLwLKveipbPi5SIasJIqMq0T4CkQW76pxJYMqz9HrQA==",
      "cpu": [
        "x64"
      ],
      "dev": true,
      "optional": true,
      "os": [
        "linux"
      ],
      "engines": {
        "node": ">=12"
      }
    },
    "node_modules/@esbuild/netbsd-x64": {
      "version": "0.17.0",
      "resolved": "https://registry.npmjs.org/@esbuild/netbsd-x64/-/netbsd-x64-0.17.0.tgz",
      "integrity": "sha512-V6xXsv71b8vwFCW/ky82Rs//SbyA+ORty6A7Mzkg33/4NbYZ/1Vcbk7qAN5oi0i/gS4Q0+7dYT7NqaiVZ7+Xjw==",
      "cpu": [
        "x64"
      ],
      "dev": true,
      "optional": true,
      "os": [
        "netbsd"
      ],
      "engines": {
        "node": ">=12"
      }
    },
    "node_modules/@esbuild/openbsd-x64": {
      "version": "0.17.0",
      "resolved": "https://registry.npmjs.org/@esbuild/openbsd-x64/-/openbsd-x64-0.17.0.tgz",
      "integrity": "sha512-StlQor6A0Y9SSDxraytr46Qbz25zsSDmsG3MCaNkBnABKHP3QsngOCfdBikqHVVrXeK0KOTmtX92/ncTGULYgQ==",
      "cpu": [
        "x64"
      ],
      "dev": true,
      "optional": true,
      "os": [
        "openbsd"
      ],
      "engines": {
        "node": ">=12"
      }
    },
    "node_modules/@esbuild/sunos-x64": {
      "version": "0.17.0",
      "resolved": "https://registry.npmjs.org/@esbuild/sunos-x64/-/sunos-x64-0.17.0.tgz",
      "integrity": "sha512-K64Wqw57j8KrwjR3QjsuzN/qDGK6Cno6QYtIlWAmGab5iYPBZCWz7HFtF2a86/130LmUsdXqOID7J0SmjjRFIQ==",
      "cpu": [
        "x64"
      ],
      "dev": true,
      "optional": true,
      "os": [
        "sunos"
      ],
      "engines": {
        "node": ">=12"
      }
    },
    "node_modules/@esbuild/win32-arm64": {
      "version": "0.17.0",
      "resolved": "https://registry.npmjs.org/@esbuild/win32-arm64/-/win32-arm64-0.17.0.tgz",
      "integrity": "sha512-hly6iSWAf0hf3aHD18/qW7iFQbg9KAQ0RFGG9plcxkhL4uGw43O+lETGcSO/PylNleFowP/UztpF6U4oCYgpPw==",
      "cpu": [
        "arm64"
      ],
      "dev": true,
      "optional": true,
      "os": [
        "win32"
      ],
      "engines": {
        "node": ">=12"
      }
    },
    "node_modules/@esbuild/win32-ia32": {
      "version": "0.17.0",
      "resolved": "https://registry.npmjs.org/@esbuild/win32-ia32/-/win32-ia32-0.17.0.tgz",
      "integrity": "sha512-aL4EWPh0nyC5uYRfn+CHkTgawd4DjtmwquthNDmGf6Ht6+mUc+bQXyZNH1QIw8x20hSqFc4Tf36aLLWP/TPR3g==",
      "cpu": [
        "ia32"
      ],
      "dev": true,
      "optional": true,
      "os": [
        "win32"
      ],
      "engines": {
        "node": ">=12"
      }
    },
    "node_modules/@esbuild/win32-x64": {
      "version": "0.17.0",
      "resolved": "https://registry.npmjs.org/@esbuild/win32-x64/-/win32-x64-0.17.0.tgz",
      "integrity": "sha512-W6IIQ9Rt43I/GqfXeBFLk0TvowKBoirs9sw2LPfhHax6ayMlW5PhFzSJ76I1ac9Pk/aRcSMrHWvVyZs8ZPK2wA==",
      "cpu": [
        "x64"
      ],
      "dev": true,
      "optional": true,
      "os": [
        "win32"
      ],
      "engines": {
        "node": ">=12"
      }
    },
    "node_modules/base64-js": {
      "version": "1.5.1",
      "resolved": "https://registry.npmjs.org/base64-js/-/base64-js-1.5.1.tgz",
      "integrity": "sha512-AKpaYlHn8t4SVbOHCy+b5+KKgvR4vrsD8vbvrbiQJps7fKDTkjkDry6ji0rUJjC0kzbNePLwzxq8iypo41qeWA==",
      "dev": true,
      "funding": [
        {
          "type": "github",
          "url": "https://github.com/sponsors/feross"
        },
        {
          "type": "patreon",
          "url": "https://www.patreon.com/feross"
        },
        {
          "type": "consulting",
          "url": "https://feross.org/support"
        }
      ]
    },
    "node_modules/buffer": {
      "version": "6.0.3",
      "resolved": "https://registry.npmjs.org/buffer/-/buffer-6.0.3.tgz",
      "integrity": "sha512-FTiCpNxtwiZZHEZbcbTIcZjERVICn9yq/pDFkTl95/AxzD1naBctN7YO68riM/gLSDY7sdrMby8hofADYuuqOA==",
      "dev": true,
      "funding": [
        {
          "type": "github",
          "url": "https://github.com/sponsors/feross"
        },
        {
          "type": "patreon",
          "url": "https://www.patreon.com/feross"
        },
        {
          "type": "consulting",
          "url": "https://feross.org/support"
        }
      ],
      "dependencies": {
        "base64-js": "^1.3.1",
        "ieee754": "^1.2.1"
      }
    },
    "node_modules/debug": {
      "version": "4.3.4",
      "resolved": "https://registry.npmjs.org/debug/-/debug-4.3.4.tgz",
      "integrity": "sha512-PRWFHuSU3eDtQJPvnNY7Jcket1j0t5OuOsFzPPzsekD52Zl8qUfFIPEiswXqIvHWGVHOgX+7G/vCNNhehwxfkQ==",
      "dev": true,
      "dependencies": {
        "ms": "2.1.2"
      },
      "engines": {
        "node": ">=6.0"
      },
      "peerDependenciesMeta": {
        "supports-color": {
          "optional": true
        }
      }
    },
    "node_modules/err-code": {
      "version": "3.0.1",
      "resolved": "https://registry.npmjs.org/err-code/-/err-code-3.0.1.tgz",
      "integrity": "sha512-GiaH0KJUewYok+eeY05IIgjtAe4Yltygk9Wqp1V5yVWLdhf0hYZchRjNIT9bb0mSwRcIusT3cx7PJUf3zEIfUA==",
      "dev": true
    },
    "node_modules/esbuild": {
      "version": "0.17.0",
      "resolved": "https://registry.npmjs.org/esbuild/-/esbuild-0.17.0.tgz",
      "integrity": "sha512-4yGk3rD95iS/wGzrx0Ji5czZcx1j2wvfF1iAJaX2FIYLB6sU6wYkDeplpZHzfwQw2yXGXsAoxmO6LnMQkl04Kg==",
      "dev": true,
      "hasInstallScript": true,
      "bin": {
        "esbuild": "bin/esbuild"
      },
      "engines": {
        "node": ">=12"
      },
      "optionalDependencies": {
        "@esbuild/android-arm": "0.17.0",
        "@esbuild/android-arm64": "0.17.0",
        "@esbuild/android-x64": "0.17.0",
        "@esbuild/darwin-arm64": "0.17.0",
        "@esbuild/darwin-x64": "0.17.0",
        "@esbuild/freebsd-arm64": "0.17.0",
        "@esbuild/freebsd-x64": "0.17.0",
        "@esbuild/linux-arm": "0.17.0",
        "@esbuild/linux-arm64": "0.17.0",
        "@esbuild/linux-ia32": "0.17.0",
        "@esbuild/linux-loong64": "0.17.0",
        "@esbuild/linux-mips64el": "0.17.0",
        "@esbuild/linux-ppc64": "0.17.0",
        "@esbuild/linux-riscv64": "0.17.0",
        "@esbuild/linux-s390x": "0.17.0",
        "@esbuild/linux-x64": "0.17.0",
        "@esbuild/netbsd-x64": "0.17.0",
        "@esbuild/openbsd-x64": "0.17.0",
        "@esbuild/sunos-x64": "0.17.0",
        "@esbuild/win32-arm64": "0.17.0",
        "@esbuild/win32-ia32": "0.17.0",
        "@esbuild/win32-x64": "0.17.0"
      }
    },
    "node_modules/get-browser-rtc": {
      "version": "1.1.0",
      "resolved": "https://registry.npmjs.org/get-browser-rtc/-/get-browser-rtc-1.1.0.tgz",
      "integrity": "sha512-MghbMJ61EJrRsDe7w1Bvqt3ZsBuqhce5nrn/XAwgwOXhcsz53/ltdxOse1h/8eKXj5slzxdsz56g5rzOFSGwfQ==",
      "dev": true
    },
    "node_modules/ieee754": {
      "version": "1.2.1",
      "resolved": "https://registry.npmjs.org/ieee754/-/ieee754-1.2.1.tgz",
      "integrity": "sha512-dcyqhDvX1C46lXZcVqCpK+FtMRQVdIMN6/Df5js2zouUsqG7I6sFxitIC+7KYK29KdXOLHdu9zL4sFnoVQnqaA==",
      "dev": true,
      "funding": [
        {
          "type": "github",
          "url": "https://github.com/sponsors/feross"
        },
        {
          "type": "patreon",
          "url": "https://www.patreon.com/feross"
        },
        {
          "type": "consulting",
          "url": "https://feross.org/support"
        }
      ]
    },
    "node_modules/inherits": {
      "version": "2.0.4",
      "resolved": "https://registry.npmjs.org/inherits/-/inherits-2.0.4.tgz",
      "integrity": "sha512-k/vGaX4/Yla3WzyMCvTQOXYeIHvqOKtnqBduzTHpzpQZzAskKMhZ2K+EnBiSM9zGSoIFeMpXKxa4dYeZIQqewQ==",
      "dev": true
    },
    "node_modules/isomorphic.js": {
      "version": "0.2.5",
      "resolved": "https://registry.npmjs.org/isomorphic.js/-/isomorphic.js-0.2.5.tgz",
      "integrity": "sha512-PIeMbHqMt4DnUP3MA/Flc0HElYjMXArsw1qwJZcm9sqR8mq3l8NYizFMty0pWwE/tzIGH3EKK5+jes5mAr85yw==",
      "dev": true,
      "funding": {
        "type": "GitHub Sponsors ❤",
        "url": "https://github.com/sponsors/dmonad"
      }
    },
    "node_modules/lib0": {
      "version": "0.2.59",
      "resolved": "https://registry.npmjs.org/lib0/-/lib0-0.2.59.tgz",
      "integrity": "sha512-aZdxUFjS0rKb0a18B3JC/MatCOrahCrAhKZT7bxjXnzRpIhMx/MiXN2ItN2CVhFxzTrL8U3URcVMxKD6PtRErw==",
      "dev": true,
      "dependencies": {
        "isomorphic.js": "^0.2.4"
      },
      "engines": {
        "node": ">=14"
      },
      "funding": {
        "type": "GitHub Sponsors ❤",
        "url": "https://github.com/sponsors/dmonad"
      }
    },
    "node_modules/ms": {
      "version": "2.1.2",
      "resolved": "https://registry.npmjs.org/ms/-/ms-2.1.2.tgz",
      "integrity": "sha512-sGkPx+VjMtmA6MX27oA4FBFELFCZZ4S4XqeGOXCv68tT+jb3vk/RyaKWP0PTKyWtmLSM0b+adUTEvbs1PEaH2w==",
      "dev": true
    },
    "node_modules/queue-microtask": {
      "version": "1.2.3",
      "resolved": "https://registry.npmjs.org/queue-microtask/-/queue-microtask-1.2.3.tgz",
      "integrity": "sha512-NuaNSa6flKT5JaSYQzJok04JzTL1CA6aGhv5rfLW3PgqA+M2ChpZQnAC8h8i4ZFkBS8X5RqkDBHA7r4hej3K9A==",
      "dev": true,
      "funding": [
        {
          "type": "github",
          "url": "https://github.com/sponsors/feross"
        },
        {
          "type": "patreon",
          "url": "https://www.patreon.com/feross"
        },
        {
          "type": "consulting",
          "url": "https://feross.org/support"
        }
      ]
    },
    "node_modules/randombytes": {
      "version": "2.1.0",
      "resolved": "https://registry.npmjs.org/randombytes/-/randombytes-2.1.0.tgz",
      "integrity": "sha512-vYl3iOX+4CKUWuxGi9Ukhie6fsqXqS9FE2Zaic4tNFD2N2QQaXOMFbuKK4QmDHC0JO6B1Zp41J0LpT0oR68amQ==",
      "dev": true,
      "dependencies": {
        "safe-buffer": "^5.1.0"
      }
    },
    "node_modules/readable-stream": {
      "version": "3.6.0",
      "resolved": "https://registry.npmjs.org/readable-stream/-/readable-stream-3.6.0.tgz",
      "integrity": "sha512-BViHy7LKeTz4oNnkcLJ+lVSL6vpiFeX6/d3oSH8zCW7UxP2onchk+vTGB143xuFjHS3deTgkKoXXymXqymiIdA==",
      "dev": true,
      "dependencies": {
        "inherits": "^2.0.3",
        "string_decoder": "^1.1.1",
        "util-deprecate": "^1.0.1"
      },
      "engines": {
        "node": ">= 6"
      }
    },
    "node_modules/safe-buffer": {
      "version": "5.2.1",
      "resolved": "https://registry.npmjs.org/safe-buffer/-/safe-buffer-5.2.1.tgz",
      "integrity": "sha512-rp3So07KcdmmKbGvgaNxQSJr7bGVSVk5S9Eq1F+ppbRo70+YeaDxkw5Dd8NPN+GD6bjnYm2VuPuCXmpuYvmCXQ==",
      "dev": true,
      "funding": [
        {
          "type": "github",
          "url": "https://github.com/sponsors/feross"
        },
        {
          "type": "patreon",
          "url": "https://www.patreon.com/feross"
        },
        {
          "type": "consulting",
          "url": "https://feross.org/support"
        }
      ]
    },
    "node_modules/simple-peer": {
      "version": "9.11.1",
      "resolved": "https://registry.npmjs.org/simple-peer/-/simple-peer-9.11.1.tgz",
      "integrity": "sha512-D1SaWpOW8afq1CZGWB8xTfrT3FekjQmPValrqncJMX7QFl8YwhrPTZvMCANLtgBwwdS+7zURyqxDDEmY558tTw==",
      "dev": true,
      "funding": [
        {
          "type": "github",
          "url": "https://github.com/sponsors/feross"
        },
        {
          "type": "patreon",
          "url": "https://www.patreon.com/feross"
        },
        {
          "type": "consulting",
          "url": "https://feross.org/support"
        }
      ],
      "dependencies": {
        "buffer": "^6.0.3",
        "debug": "^4.3.2",
        "err-code": "^3.0.1",
        "get-browser-rtc": "^1.1.0",
        "queue-microtask": "^1.2.3",
        "randombytes": "^2.1.0",
        "readable-stream": "^3.6.0"
      }
    },
    "node_modules/string_decoder": {
      "version": "1.3.0",
      "resolved": "https://registry.npmjs.org/string_decoder/-/string_decoder-1.3.0.tgz",
      "integrity": "sha512-hkRX8U1WjJFd8LsDJ2yQ/wWWxaopEsABU1XfkM8A+j0+85JAGppt16cr1Whg6KIbb4okU6Mql6BOj+uup/wKeA==",
      "dev": true,
      "dependencies": {
        "safe-buffer": "~5.2.0"
      }
    },
    "node_modules/util-deprecate": {
      "version": "1.0.2",
      "resolved": "https://registry.npmjs.org/util-deprecate/-/util-deprecate-1.0.2.tgz",
      "integrity": "sha512-EPD5q1uXyFxJpCrLnCc1nHnq3gOa6DZBocAIiI2TaSCA7VCJ1UJDMagCzIkXNsUYfD1daK//LTEQ8xiIbrHtcw==",
      "dev": true
    },
    "node_modules/ws": {
      "version": "7.5.9",
      "resolved": "https://registry.npmjs.org/ws/-/ws-7.5.9.tgz",
      "integrity": "sha512-F+P9Jil7UiSKSkppIiD94dN07AwvFixvLIj1Og1Rl9GGMuNipJnV9JzjD6XuqmAeiswGvUmNLjr5cFuXwNS77Q==",
      "dev": true,
      "optional": true,
      "engines": {
        "node": ">=8.3.0"
      },
      "peerDependencies": {
        "bufferutil": "^4.0.1",
        "utf-8-validate": "^5.0.2"
      },
      "peerDependenciesMeta": {
        "bufferutil": {
          "optional": true
        },
        "utf-8-validate": {
          "optional": true
        }
      }
    },
    "node_modules/y-protocols": {
      "version": "1.0.5",
      "resolved": "https://registry.npmjs.org/y-protocols/-/y-protocols-1.0.5.tgz",
      "integrity": "sha512-Wil92b7cGk712lRHDqS4T90IczF6RkcvCwAD0A2OPg+adKmOe+nOiT/N2hvpQIWS3zfjmtL4CPaH5sIW1Hkm/A==",
      "dev": true,
      "dependencies": {
        "lib0": "^0.2.42"
      },
      "funding": {
        "type": "GitHub Sponsors ❤",
        "url": "https://github.com/sponsors/dmonad"
      }
    },
    "node_modules/y-textarea": {
      "version": "0.2.6",
      "resolved": "git+ssh://git@github.com/yousefamar/y-textarea.git#61e4664783d5db2274ab33e84eaf9e4d0a3c78b7",
      "dev": true,
      "license": "MIT",
      "peerDependencies": {
        "yjs": "^13.5.27"
      }
    },
    "node_modules/y-textarea-names": {
      "version": "0.2.7",
      "resolved": "https://registry.npmjs.org/y-textarea-names/-/y-textarea-names-0.2.7.tgz",
      "integrity": "sha512-47Fu4xjkLVC67G41/PT6NsskjAsH5s9dJ+lwhCKV2wUCdckdGVIoL5uUG8wrukrtJcuo9pHj4wvT3Scts10t3Q==",
      "dev": true,
      "peerDependencies": {
        "yjs": "^13.5.27"
      }
    },
    "node_modules/y-webrtc": {
      "version": "10.2.4",
      "resolved": "https://registry.npmjs.org/y-webrtc/-/y-webrtc-10.2.4.tgz",
      "integrity": "sha512-yoTl2tXdJsLLYIp2X2GRqNywgGwk4CEs3NcXJmgLLq2Ga8VX86q3Y3QBLy5mi30InRjjKL/ymCasAsydXTta+w==",
      "dev": true,
      "dependencies": {
        "lib0": "^0.2.42",
        "simple-peer": "^9.11.0",
        "y-protocols": "^1.0.5"
      },
      "bin": {
        "y-webrtc-signaling": "bin/server.js"
      },
      "engines": {
        "node": ">=12"
      },
      "funding": {
        "type": "GitHub Sponsors ❤",
        "url": "https://github.com/sponsors/dmonad"
      },
      "optionalDependencies": {
        "ws": "^7.2.0"
      }
    },
    "node_modules/yjs": {
      "version": "13.5.44",
      "resolved": "https://registry.npmjs.org/yjs/-/yjs-13.5.44.tgz",
      "integrity": "sha512-UL+abIh2lQonqXfaJ+en7z9eGshpY11j1zNLc2kDYs0vrTjee4gZJUXC3ZsuhP6geQt0IRU04epCGRaVPQAVCA==",
      "dev": true,
      "dependencies": {
        "lib0": "^0.2.49"
      },
      "funding": {
        "type": "GitHub Sponsors ❤",
        "url": "https://github.com/sponsors/dmonad"
      }
    }
  },
  "dependencies": {
    "@esbuild/android-arm": {
      "version": "0.17.0",
      "resolved": "https://registry.npmjs.org/@esbuild/android-arm/-/android-arm-0.17.0.tgz",
      "integrity": "sha512-hlbX5ym1V5kIKvnwFhm6rhar7MNqfJrZyYTNfk6+WS1uQfQmszFgXeyPH2beP3lSCumZyqX0zMBfOqftOpZ7GA==",
      "dev": true,
      "optional": true
    },
    "@esbuild/android-arm64": {
      "version": "0.17.0",
      "resolved": "https://registry.npmjs.org/@esbuild/android-arm64/-/android-arm64-0.17.0.tgz",
      "integrity": "sha512-77GVyD7ToESy/7+9eI8z62GGBdS/hsqsrpM+JA4kascky86wHbN29EEFpkVvxajPL7k6mbLJ5VBQABdj7n9FhQ==",
      "dev": true,
      "optional": true
    },
    "@esbuild/android-x64": {
      "version": "0.17.0",
      "resolved": "https://registry.npmjs.org/@esbuild/android-x64/-/android-x64-0.17.0.tgz",
      "integrity": "sha512-TroxZdZhtAz0JyD0yahtjcbKuIXrBEAoAazaYSeR2e2tUtp9uXrcbpwFJF6oxxOiOOne6y7l4hx4YVnMW/tdFw==",
      "dev": true,
      "optional": true
    },
    "@esbuild/darwin-arm64": {
      "version": "0.17.0",
      "resolved": "https://registry.npmjs.org/@esbuild/darwin-arm64/-/darwin-arm64-0.17.0.tgz",
      "integrity": "sha512-wP/v4cgdWt1m8TS/WmbaBc3NZON10eCbm6XepdVc3zJuqruHCzCKcC9dTSTEk50zX04REcRcbIbdhTMciQoFIg==",
      "dev": true,
      "optional": true
    },
    "@esbuild/darwin-x64": {
      "version": "0.17.0",
      "resolved": "https://registry.npmjs.org/@esbuild/darwin-x64/-/darwin-x64-0.17.0.tgz",
      "integrity": "sha512-R4WB6D6V9KGO/3LVTT8UlwRJO26IBFatOdo/bRXksfJR0vyOi2/lgmAAMBSpgcnnwvts9QsWiyM++mTTlwRseA==",
      "dev": true,
      "optional": true
    },
    "@esbuild/freebsd-arm64": {
      "version": "0.17.0",
      "resolved": "https://registry.npmjs.org/@esbuild/freebsd-arm64/-/freebsd-arm64-0.17.0.tgz",
      "integrity": "sha512-FO7+UEZv79gen2df8StFYFHZPI9ADozpFepLZCxY+O8sYLDa1rirvenmLwJiOHmeQRJ5orYedFeLk1PFlZ6t8Q==",
      "dev": true,
      "optional": true
    },
    "@esbuild/freebsd-x64": {
      "version": "0.17.0",
      "resolved": "https://registry.npmjs.org/@esbuild/freebsd-x64/-/freebsd-x64-0.17.0.tgz",
      "integrity": "sha512-qCsNRsVTaC3ekwZcb2sa7l1gwCtJK3EqCWyDgpoQocYf3lRpbAzaCvqZSF2+NOO64cV+JbedXPsFiXU1aaVcIg==",
      "dev": true,
      "optional": true
    },
    "@esbuild/linux-arm": {
      "version": "0.17.0",
      "resolved": "https://registry.npmjs.org/@esbuild/linux-arm/-/linux-arm-0.17.0.tgz",
      "integrity": "sha512-Y2G2NU6155gcfNKvrakVmZV5xUAEhXjsN/uKtbKKRnvee0mHUuaT3OdQJDJKjHVGr6B0898pc3slRpI1PqspoQ==",
      "dev": true,
      "optional": true
    },
    "@esbuild/linux-arm64": {
      "version": "0.17.0",
      "resolved": "https://registry.npmjs.org/@esbuild/linux-arm64/-/linux-arm64-0.17.0.tgz",
      "integrity": "sha512-js4Vlch5XJQYISbDVJd2hsI/MsfVUz6d/FrclCE73WkQmniH37vFpuQI42ntWAeBghDIfaPZ6f9GilhwGzVFUg==",
      "dev": true,
      "optional": true
    },
    "@esbuild/linux-ia32": {
      "version": "0.17.0",
      "resolved": "https://registry.npmjs.org/@esbuild/linux-ia32/-/linux-ia32-0.17.0.tgz",
      "integrity": "sha512-7tl/jSPkF59R3zeFDB2/09zLGhcM7DM+tCoOqjJbQjuL6qbMWomGT2RglCqRFpCSdzBx0hukmPPgUAMlmdj0sQ==",
      "dev": true,
      "optional": true
    },
    "@esbuild/linux-loong64": {
      "version": "0.17.0",
      "resolved": "https://registry.npmjs.org/@esbuild/linux-loong64/-/linux-loong64-0.17.0.tgz",
      "integrity": "sha512-OG356F7dIVVF+EXJx5UfzFr1I5l6ES53GlMNSr3U1MhlaVyrP9um5PnrSJ+7TSDAzUC7YGjxb2GQWqHLd5XFoA==",
      "dev": true,
      "optional": true
    },
    "@esbuild/linux-mips64el": {
      "version": "0.17.0",
      "resolved": "https://registry.npmjs.org/@esbuild/linux-mips64el/-/linux-mips64el-0.17.0.tgz",
      "integrity": "sha512-LWQJgGpxrjh2x08UYf6G5R+Km7zhkpCvKXtFQ6SX0fimDvy1C8kslgFHGxLS0wjGV8C4BNnENW/HNy57+RB7iA==",
      "dev": true,
      "optional": true
    },
    "@esbuild/linux-ppc64": {
      "version": "0.17.0",
      "resolved": "https://registry.npmjs.org/@esbuild/linux-ppc64/-/linux-ppc64-0.17.0.tgz",
      "integrity": "sha512-f40N8fKiTQslUcUuhof2/syOQ+DC9Mqdnm9d063pew+Ptv9r6dBNLQCz4300MOfCLAbb0SdnrcMSzHbMehXWLw==",
      "dev": true,
      "optional": true
    },
    "@esbuild/linux-riscv64": {
      "version": "0.17.0",
      "resolved": "https://registry.npmjs.org/@esbuild/linux-riscv64/-/linux-riscv64-0.17.0.tgz",
      "integrity": "sha512-sc/pvLexRvxgEbmeq7LfLGnzUBFi/E2MGbnQj3CG8tnQ90tWPTi+9CbZEgIADhj6CAlCCmqxpUclIV1CRVUOTw==",
      "dev": true,
      "optional": true
    },
    "@esbuild/linux-s390x": {
      "version": "0.17.0",
      "resolved": "https://registry.npmjs.org/@esbuild/linux-s390x/-/linux-s390x-0.17.0.tgz",
      "integrity": "sha512-7xq9/kY0vunCL2vjHKdHGI+660pCdeEC6K6TWBVvbTGXvT8s/qacfxMgr8PCeQRbNUZLOA13G6/G1+c0lYXO1A==",
      "dev": true,
      "optional": true
    },
    "@esbuild/linux-x64": {
      "version": "0.17.0",
      "resolved": "https://registry.npmjs.org/@esbuild/linux-x64/-/linux-x64-0.17.0.tgz",
      "integrity": "sha512-o7FhBLONk1mLT2ytlj/j/WuJcPdhWcVpysSJn1s9+zRdLwLKveipbPi5SIasJIqMq0T4CkQW76pxJYMqz9HrQA==",
      "dev": true,
      "optional": true
    },
    "@esbuild/netbsd-x64": {
      "version": "0.17.0",
      "resolved": "https://registry.npmjs.org/@esbuild/netbsd-x64/-/netbsd-x64-0.17.0.tgz",
      "integrity": "sha512-V6xXsv71b8vwFCW/ky82Rs//SbyA+ORty6A7Mzkg33/4NbYZ/1Vcbk7qAN5oi0i/gS4Q0+7dYT7NqaiVZ7+Xjw==",
      "dev": true,
      "optional": true
    },
    "@esbuild/openbsd-x64": {
      "version": "0.17.0",
      "resolved": "https://registry.npmjs.org/@esbuild/openbsd-x64/-/openbsd-x64-0.17.0.tgz",
      "integrity": "sha512-StlQor6A0Y9SSDxraytr46Qbz25zsSDmsG3MCaNkBnABKHP3QsngOCfdBikqHVVrXeK0KOTmtX92/ncTGULYgQ==",
      "dev": true,
      "optional": true
    },
    "@esbuild/sunos-x64": {
      "version": "0.17.0",
      "resolved": "https://registry.npmjs.org/@esbuild/sunos-x64/-/sunos-x64-0.17.0.tgz",
      "integrity": "sha512-K64Wqw57j8KrwjR3QjsuzN/qDGK6Cno6QYtIlWAmGab5iYPBZCWz7HFtF2a86/130LmUsdXqOID7J0SmjjRFIQ==",
      "dev": true,
      "optional": true
    },
    "@esbuild/win32-arm64": {
      "version": "0.17.0",
      "resolved": "https://registry.npmjs.org/@esbuild/win32-arm64/-/win32-arm64-0.17.0.tgz",
      "integrity": "sha512-hly6iSWAf0hf3aHD18/qW7iFQbg9KAQ0RFGG9plcxkhL4uGw43O+lETGcSO/PylNleFowP/UztpF6U4oCYgpPw==",
      "dev": true,
      "optional": true
    },
    "@esbuild/win32-ia32": {
      "version": "0.17.0",
      "resolved": "https://registry.npmjs.org/@esbuild/win32-ia32/-/win32-ia32-0.17.0.tgz",
      "integrity": "sha512-aL4EWPh0nyC5uYRfn+CHkTgawd4DjtmwquthNDmGf6Ht6+mUc+bQXyZNH1QIw8x20hSqFc4Tf36aLLWP/TPR3g==",
      "dev": true,
      "optional": true
    },
    "@esbuild/win32-x64": {
      "version": "0.17.0",
      "resolved": "https://registry.npmjs.org/@esbuild/win32-x64/-/win32-x64-0.17.0.tgz",
      "integrity": "sha512-W6IIQ9Rt43I/GqfXeBFLk0TvowKBoirs9sw2LPfhHax6ayMlW5PhFzSJ76I1ac9Pk/aRcSMrHWvVyZs8ZPK2wA==",
      "dev": true,
      "optional": true
    },
    "base64-js": {
      "version": "1.5.1",
      "resolved": "https://registry.npmjs.org/base64-js/-/base64-js-1.5.1.tgz",
      "integrity": "sha512-AKpaYlHn8t4SVbOHCy+b5+KKgvR4vrsD8vbvrbiQJps7fKDTkjkDry6ji0rUJjC0kzbNePLwzxq8iypo41qeWA==",
      "dev": true
    },
    "buffer": {
      "version": "6.0.3",
      "resolved": "https://registry.npmjs.org/buffer/-/buffer-6.0.3.tgz",
      "integrity": "sha512-FTiCpNxtwiZZHEZbcbTIcZjERVICn9yq/pDFkTl95/AxzD1naBctN7YO68riM/gLSDY7sdrMby8hofADYuuqOA==",
      "dev": true,
      "requires": {
        "base64-js": "^1.3.1",
        "ieee754": "^1.2.1"
      }
    },
    "debug": {
      "version": "4.3.4",
      "resolved": "https://registry.npmjs.org/debug/-/debug-4.3.4.tgz",
      "integrity": "sha512-PRWFHuSU3eDtQJPvnNY7Jcket1j0t5OuOsFzPPzsekD52Zl8qUfFIPEiswXqIvHWGVHOgX+7G/vCNNhehwxfkQ==",
      "dev": true,
      "requires": {
        "ms": "2.1.2"
      }
    },
    "err-code": {
      "version": "3.0.1",
      "resolved": "https://registry.npmjs.org/err-code/-/err-code-3.0.1.tgz",
      "integrity": "sha512-GiaH0KJUewYok+eeY05IIgjtAe4Yltygk9Wqp1V5yVWLdhf0hYZchRjNIT9bb0mSwRcIusT3cx7PJUf3zEIfUA==",
      "dev": true
    },
    "esbuild": {
      "version": "0.17.0",
      "resolved": "https://registry.npmjs.org/esbuild/-/esbuild-0.17.0.tgz",
      "integrity": "sha512-4yGk3rD95iS/wGzrx0Ji5czZcx1j2wvfF1iAJaX2FIYLB6sU6wYkDeplpZHzfwQw2yXGXsAoxmO6LnMQkl04Kg==",
      "dev": true,
      "requires": {
        "@esbuild/android-arm": "0.17.0",
        "@esbuild/android-arm64": "0.17.0",
        "@esbuild/android-x64": "0.17.0",
        "@esbuild/darwin-arm64": "0.17.0",
        "@esbuild/darwin-x64": "0.17.0",
        "@esbuild/freebsd-arm64": "0.17.0",
        "@esbuild/freebsd-x64": "0.17.0",
        "@esbuild/linux-arm": "0.17.0",
        "@esbuild/linux-arm64": "0.17.0",
        "@esbuild/linux-ia32": "0.17.0",
        "@esbuild/linux-loong64": "0.17.0",
        "@esbuild/linux-mips64el": "0.17.0",
        "@esbuild/linux-ppc64": "0.17.0",
        "@esbuild/linux-riscv64": "0.17.0",
        "@esbuild/linux-s390x": "0.17.0",
        "@esbuild/linux-x64": "0.17.0",
        "@esbuild/netbsd-x64": "0.17.0",
        "@esbuild/openbsd-x64": "0.17.0",
        "@esbuild/sunos-x64": "0.17.0",
        "@esbuild/win32-arm64": "0.17.0",
        "@esbuild/win32-ia32": "0.17.0",
        "@esbuild/win32-x64": "0.17.0"
      }
    },
    "get-browser-rtc": {
      "version": "1.1.0",
      "resolved": "https://registry.npmjs.org/get-browser-rtc/-/get-browser-rtc-1.1.0.tgz",
      "integrity": "sha512-MghbMJ61EJrRsDe7w1Bvqt3ZsBuqhce5nrn/XAwgwOXhcsz53/ltdxOse1h/8eKXj5slzxdsz56g5rzOFSGwfQ==",
      "dev": true
    },
    "ieee754": {
      "version": "1.2.1",
      "resolved": "https://registry.npmjs.org/ieee754/-/ieee754-1.2.1.tgz",
      "integrity": "sha512-dcyqhDvX1C46lXZcVqCpK+FtMRQVdIMN6/Df5js2zouUsqG7I6sFxitIC+7KYK29KdXOLHdu9zL4sFnoVQnqaA==",
      "dev": true
    },
    "inherits": {
      "version": "2.0.4",
      "resolved": "https://registry.npmjs.org/inherits/-/inherits-2.0.4.tgz",
      "integrity": "sha512-k/vGaX4/Yla3WzyMCvTQOXYeIHvqOKtnqBduzTHpzpQZzAskKMhZ2K+EnBiSM9zGSoIFeMpXKxa4dYeZIQqewQ==",
      "dev": true
    },
    "isomorphic.js": {
      "version": "0.2.5",
      "resolved": "https://registry.npmjs.org/isomorphic.js/-/isomorphic.js-0.2.5.tgz",
      "integrity": "sha512-PIeMbHqMt4DnUP3MA/Flc0HElYjMXArsw1qwJZcm9sqR8mq3l8NYizFMty0pWwE/tzIGH3EKK5+jes5mAr85yw==",
      "dev": true
    },
    "lib0": {
      "version": "0.2.59",
      "resolved": "https://registry.npmjs.org/lib0/-/lib0-0.2.59.tgz",
      "integrity": "sha512-aZdxUFjS0rKb0a18B3JC/MatCOrahCrAhKZT7bxjXnzRpIhMx/MiXN2ItN2CVhFxzTrL8U3URcVMxKD6PtRErw==",
      "dev": true,
      "requires": {
        "isomorphic.js": "^0.2.4"
      }
    },
    "ms": {
      "version": "2.1.2",
      "resolved": "https://registry.npmjs.org/ms/-/ms-2.1.2.tgz",
      "integrity": "sha512-sGkPx+VjMtmA6MX27oA4FBFELFCZZ4S4XqeGOXCv68tT+jb3vk/RyaKWP0PTKyWtmLSM0b+adUTEvbs1PEaH2w==",
      "dev": true
    },
    "queue-microtask": {
      "version": "1.2.3",
      "resolved": "https://registry.npmjs.org/queue-microtask/-/queue-microtask-1.2.3.tgz",
      "integrity": "sha512-NuaNSa6flKT5JaSYQzJok04JzTL1CA6aGhv5rfLW3PgqA+M2ChpZQnAC8h8i4ZFkBS8X5RqkDBHA7r4hej3K9A==",
      "dev": true
    },
    "randombytes": {
      "version": "2.1.0",
      "resolved": "https://registry.npmjs.org/randombytes/-/randombytes-2.1.0.tgz",
      "integrity": "sha512-vYl3iOX+4CKUWuxGi9Ukhie6fsqXqS9FE2Zaic4tNFD2N2QQaXOMFbuKK4QmDHC0JO6B1Zp41J0LpT0oR68amQ==",
      "dev": true,
      "requires": {
        "safe-buffer": "^5.1.0"
      }
    },
    "readable-stream": {
      "version": "3.6.0",
      "resolved": "https://registry.npmjs.org/readable-stream/-/readable-stream-3.6.0.tgz",
      "integrity": "sha512-BViHy7LKeTz4oNnkcLJ+lVSL6vpiFeX6/d3oSH8zCW7UxP2onchk+vTGB143xuFjHS3deTgkKoXXymXqymiIdA==",
      "dev": true,
      "requires": {
        "inherits": "^2.0.3",
        "string_decoder": "^1.1.1",
        "util-deprecate": "^1.0.1"
      }
    },
    "safe-buffer": {
      "version": "5.2.1",
      "resolved": "https://registry.npmjs.org/safe-buffer/-/safe-buffer-5.2.1.tgz",
      "integrity": "sha512-rp3So07KcdmmKbGvgaNxQSJr7bGVSVk5S9Eq1F+ppbRo70+YeaDxkw5Dd8NPN+GD6bjnYm2VuPuCXmpuYvmCXQ==",
      "dev": true
    },
    "simple-peer": {
      "version": "9.11.1",
      "resolved": "https://registry.npmjs.org/simple-peer/-/simple-peer-9.11.1.tgz",
      "integrity": "sha512-D1SaWpOW8afq1CZGWB8xTfrT3FekjQmPValrqncJMX7QFl8YwhrPTZvMCANLtgBwwdS+7zURyqxDDEmY558tTw==",
      "dev": true,
      "requires": {
        "buffer": "^6.0.3",
        "debug": "^4.3.2",
        "err-code": "^3.0.1",
        "get-browser-rtc": "^1.1.0",
        "queue-microtask": "^1.2.3",
        "randombytes": "^2.1.0",
        "readable-stream": "^3.6.0"
      }
    },
    "string_decoder": {
      "version": "1.3.0",
      "resolved": "https://registry.npmjs.org/string_decoder/-/string_decoder-1.3.0.tgz",
      "integrity": "sha512-hkRX8U1WjJFd8LsDJ2yQ/wWWxaopEsABU1XfkM8A+j0+85JAGppt16cr1Whg6KIbb4okU6Mql6BOj+uup/wKeA==",
      "dev": true,
      "requires": {
        "safe-buffer": "~5.2.0"
      }
    },
    "util-deprecate": {
      "version": "1.0.2",
      "resolved": "https://registry.npmjs.org/util-deprecate/-/util-deprecate-1.0.2.tgz",
      "integrity": "sha512-EPD5q1uXyFxJpCrLnCc1nHnq3gOa6DZBocAIiI2TaSCA7VCJ1UJDMagCzIkXNsUYfD1daK//LTEQ8xiIbrHtcw==",
      "dev": true
    },
    "ws": {
      "version": "7.5.9",
      "resolved": "https://registry.npmjs.org/ws/-/ws-7.5.9.tgz",
      "integrity": "sha512-F+P9Jil7UiSKSkppIiD94dN07AwvFixvLIj1Og1Rl9GGMuNipJnV9JzjD6XuqmAeiswGvUmNLjr5cFuXwNS77Q==",
      "dev": true,
      "optional": true,
      "requires": {}
    },
    "y-protocols": {
      "version": "1.0.5",
      "resolved": "https://registry.npmjs.org/y-protocols/-/y-protocols-1.0.5.tgz",
      "integrity": "sha512-Wil92b7cGk712lRHDqS4T90IczF6RkcvCwAD0A2OPg+adKmOe+nOiT/N2hvpQIWS3zfjmtL4CPaH5sIW1Hkm/A==",
      "dev": true,
      "requires": {
        "lib0": "^0.2.42"
      }
    },
    "y-textarea": {
      "version": "git+ssh://git@github.com/yousefamar/y-textarea.git#61e4664783d5db2274ab33e84eaf9e4d0a3c78b7",
      "dev": true,
      "from": "y-textarea@^0.2.5",
      "requires": {}
    },
    "y-textarea-names": {
      "version": "0.2.7",
      "resolved": "https://registry.npmjs.org/y-textarea-names/-/y-textarea-names-0.2.7.tgz",
      "integrity": "sha512-47Fu4xjkLVC67G41/PT6NsskjAsH5s9dJ+lwhCKV2wUCdckdGVIoL5uUG8wrukrtJcuo9pHj4wvT3Scts10t3Q==",
      "dev": true,
      "requires": {}
    },
    "y-webrtc": {
      "version": "10.2.4",
      "resolved": "https://registry.npmjs.org/y-webrtc/-/y-webrtc-10.2.4.tgz",
      "integrity": "sha512-yoTl2tXdJsLLYIp2X2GRqNywgGwk4CEs3NcXJmgLLq2Ga8VX86q3Y3QBLy5mi30InRjjKL/ymCasAsydXTta+w==",
      "dev": true,
      "requires": {
        "lib0": "^0.2.42",
        "simple-peer": "^9.11.0",
        "ws": "^7.2.0",
        "y-protocols": "^1.0.5"
      }
    },
    "yjs": {
      "version": "13.5.44",
      "resolved": "https://registry.npmjs.org/yjs/-/yjs-13.5.44.tgz",
      "integrity": "sha512-UL+abIh2lQonqXfaJ+en7z9eGshpY11j1zNLc2kDYs0vrTjee4gZJUXC3ZsuhP6geQt0IRU04epCGRaVPQAVCA==",
      "dev": true,
      "requires": {
        "lib0": "^0.2.49"
      }
    }
  }
}
